
Microsoft Visual Studio Solution File, Format Version 12.00
# Visual Studio Version 18
VisualStudioVersion = 18.0.11123.170 d18.0
MinimumVisualStudioVersion = 10.0.40219.1
Project("{FAE04EC0-301F-11D3-BF4B-00C04F79EFBC}") = "CleanCut.BlazorWebApp", "CleanCut.BlazorWebApp.csproj", "{0BACFBC0-DA93-6216-8039-40C183D34BC8}"
EndProject
Global
	GlobalSection(SolutionConfigurationPlatforms) = preSolution
		Debug|Any CPU = Debug|Any CPU
		Release|Any CPU = Release|Any CPU
	EndGlobalSection
	GlobalSection(ProjectConfigurationPlatforms) = postSolution
		{0BACFBC0-DA93-6216-8039-40C183D34BC8}.Debug|Any CPU.ActiveCfg = Debug|Any CPU
		{0BACFBC0-DA93-6216-8039-40C183D34BC8}.Debug|Any CPU.Build.0 = Debug|Any CPU
		{0BACFBC0-DA93-6216-8039-40C183D34BC8}.Release|Any CPU.ActiveCfg = Release|Any CPU
		{0BACFBC0-DA93-6216-8039-40C183D34BC8}.Release|Any CPU.Build.0 = Release|Any CPU
	EndGlobalSection
	GlobalSection(SolutionProperties) = preSolution
		HideSolutionNode = FALSE
	EndGlobalSection
	GlobalSection(ExtensibilityGlobals) = postSolution
		SolutionGuid = {896C14DF-D7AD-4933-8446-585EDFFE9B96}
	EndGlobalSection
EndGlobal
