
Microsoft Visual Studio Solution File, Format Version 12.00
# Visual Studio Version 18
VisualStudioVersion = 18.0.11109.219
MinimumVisualStudioVersion = 10.0.40219.1
Project("{2150E333-8FDC-42A3-9474-1A3956D46DE8}") = "src", "src", "{827E0CD3-B72D-47B6-A68D-7590B98EB39B}"
EndProject
Project("{2150E333-8FDC-42A3-9474-1A3956D46DE8}") = "Core", "Core", "{8D626EA8-CB54-BC41-363A-217881BEBA6E}"
EndProject
Project("{FAE04EC0-301F-11D3-BF4B-00C04F79EFBC}") = "CleanCut.Domain", "src\Core\CleanCut.Domain\CleanCut.Domain.csproj", "{4D16FD07-69CE-40D8-8397-2F9CD3E35A8C}"
EndProject
Project("{FAE04EC0-301F-11D3-BF4B-00C04F79EFBC}") = "CleanCut.Application", "src\Core\CleanCut.Application\CleanCut.Application.csproj", "{9A061502-8619-4830-A68C-45C0F258A4CD}"
EndProject
Project("{2150E333-8FDC-42A3-9474-1A3956D46DE8}") = "Infrastructure", "Infrastructure", "{9048EB7F-3875-A59E-E36B-5BD4C6F2A282}"
EndProject
Project("{FAE04EC0-301F-11D3-BF4B-00C04F79EFBC}") = "CleanCut.Infrastructure.Data", "src\Infrastructure\CleanCut.Infrastructure.Data\CleanCut.Infrastructure.Data.csproj", "{CC166812-C158-4233-A943-91B0D49514E1}"
EndProject
Project("{FAE04EC0-301F-11D3-BF4B-00C04F79EFBC}") = "CleanCut.Infrastructure.Identity", "src\Infrastructure\CleanCut.Infrastructure.Identity\CleanCut.Infrastructure.Identity.csproj", "{10546706-C238-4043-A7B1-546CC4696A29}"
EndProject
Project("{FAE04EC0-301F-11D3-BF4B-00C04F79EFBC}") = "CleanCut.Infrastructure.Shared", "src\Infrastructure\CleanCut.Infrastructure.Shared\CleanCut.Infrastructure.Shared.csproj", "{9B56E38E-97D2-4DAB-813A-F55F9E9A6B43}"
EndProject
Project("{2150E333-8FDC-42A3-9474-1A3956D46DE8}") = "Presentation", "Presentation", "{6996BBF7-DB31-59BC-C7DD-9A7CCC6138C4}"
EndProject
Project("{FAE04EC0-301F-11D3-BF4B-00C04F79EFBC}") = "CleanCut.API", "src\Presentation\CleanCut.API\CleanCut.API.csproj", "{A847A664-49E7-4088-96D2-1CD97171260C}"
EndProject
Project("{FAE04EC0-301F-11D3-BF4B-00C04F79EFBC}") = "CleanCut.WebApp", "src\Presentation\CleanCut.WebApp\CleanCut.WebApp.csproj", "{35D9B037-D489-496F-87FB-440004593D1F}"
EndProject
Project("{FAE04EC0-301F-11D3-BF4B-00C04F79EFBC}") = "CleanCut.WinApp", "src\Presentation\CleanCut.WinApp\CleanCut.WinApp.csproj", "{A7D13379-C3F0-4E54-9929-937EF80BC412}"
EndProject
Project("{2150E333-8FDC-42A3-9474-1A3956D46DE8}") = "tests", "tests", "{0AB3BF05-4346-4AA6-1389-037BE0695223}"
EndProject
Project("{2150E333-8FDC-42A3-9474-1A3956D46DE8}") = "UnitTests", "UnitTests", "{394A81D9-3C45-9818-BB26-23F2B85056FF}"
EndProject
Project("{FAE04EC0-301F-11D3-BF4B-00C04F79EFBC}") = "CleanCut.Domain.Tests", "tests\UnitTests\CleanCut.Domain.Tests\CleanCut.Domain.Tests.csproj", "{0AB66139-25A7-475B-87F2-A8707620C554}"
EndProject
Project("{FAE04EC0-301F-11D3-BF4B-00C04F79EFBC}") = "CleanCut.Application.Tests", "tests\UnitTests\CleanCut.Application.Tests\CleanCut.Application.Tests.csproj", "{7101A882-47C9-48D8-9002-0CC7F2121F0C}"
EndProject
Project("{FAE04EC0-301F-11D3-BF4B-00C04F79EFBC}") = "CleanCut.Infrastructure.Tests", "tests\UnitTests\CleanCut.Infrastructure.Tests\CleanCut.Infrastructure.Tests.csproj", "{053B1391-1A55-436F-8883-FFE18545D452}"
EndProject
Project("{2150E333-8FDC-42A3-9474-1A3956D46DE8}") = "IntegrationTests", "IntegrationTests", "{30785934-E017-5D9F-2777-3D61460A5281}"
EndProject
Project("{FAE04EC0-301F-11D3-BF4B-00C04F79EFBC}") = "CleanCut.API.IntegrationTests", "tests\IntegrationTests\CleanCut.API.IntegrationTests\CleanCut.API.IntegrationTests.csproj", "{B306868E-C9EB-45F6-8B5C-983689947FD3}"
EndProject
Project("{2150E333-8FDC-42A3-9474-1A3956D46DE8}") = "ArchitectureTests", "ArchitectureTests", "{8AD23086-AE11-148E-B2B6-9F0F94287E0D}"
EndProject
Project("{FAE04EC0-301F-11D3-BF4B-00C04F79EFBC}") = "CleanCut.ArchitectureTests", "tests\ArchitectureTests\CleanCut.ArchitectureTests\CleanCut.ArchitectureTests.csproj", "{F2DC9BC6-A552-4333-80DC-494EF74DBA5E}"
EndProject
Project("{2150E333-8FDC-42A3-9474-1A3956D46DE8}") = "Solution Items", "Solution Items", "{1FC327D6-277A-43EE-9437-2D04D85C0D72}"
	ProjectSection(SolutionItems) = preProject
		.azure-pipelines.yml = .azure-pipelines.yml
		README.md = README.md
	EndProjectSection
EndProject
Project("{FAE04EC0-301F-11D3-BF4B-00C04F79EFBC}") = "CleanCut.Infrastructure.Caching", "src\Infrastructure\CleanCut.Infrastructure.Caching\CleanCut.Infrastructure.Caching.csproj", "{ADD7DB6F-FFAA-4EC1-B264-2ADFD40CF5D3}"
EndProject
Project("{FAE04EC0-301F-11D3-BF4B-00C04F79EFBC}") = "CleanCut.BlazorWebApp", "src\Presentation\CleanCut.BlazorWebApp\CleanCut.BlazorWebApp.csproj", "{EE817354-E4AA-4ECA-F121-5FF09789DA1A}"
EndProject
Global
	GlobalSection(SolutionConfigurationPlatforms) = preSolution
		Debug|Any CPU = Debug|Any CPU
		Debug|x64 = Debug|x64
		Debug|x86 = Debug|x86
		Release|Any CPU = Release|Any CPU
		Release|x64 = Release|x64
		Release|x86 = Release|x86
	EndGlobalSection
	GlobalSection(ProjectConfigurationPlatforms) = postSolution
		{4D16FD07-69CE-40D8-8397-2F9CD3E35A8C}.Debug|Any CPU.ActiveCfg = Debug|Any CPU
		{4D16FD07-69CE-40D8-8397-2F9CD3E35A8C}.Debug|Any CPU.Build.0 = Debug|Any CPU
		{4D16FD07-69CE-40D8-8397-2F9CD3E35A8C}.Debug|x64.ActiveCfg = Debug|Any CPU
		{4D16FD07-69CE-40D8-8397-2F9CD3E35A8C}.Debug|x64.Build.0 = Debug|Any CPU
		{4D16FD07-69CE-40D8-8397-2F9CD3E35A8C}.Debug|x86.ActiveCfg = Debug|Any CPU
		{4D16FD07-69CE-40D8-8397-2F9CD3E35A8C}.Debug|x86.Build.0 = Debug|Any CPU
		{4D16FD07-69CE-40D8-8397-2F9CD3E35A8C}.Release|Any CPU.ActiveCfg = Release|Any CPU
		{4D16FD07-69CE-40D8-8397-2F9CD3E35A8C}.Release|Any CPU.Build.0 = Release|Any CPU
		{4D16FD07-69CE-40D8-8397-2F9CD3E35A8C}.Release|x64.ActiveCfg = Release|Any CPU
		{4D16FD07-69CE-40D8-8397-2F9CD3E35A8C}.Release|x64.Build.0 = Release|Any CPU
		{4D16FD07-69CE-40D8-8397-2F9CD3E35A8C}.Release|x86.ActiveCfg = Release|Any CPU
		{4D16FD07-69CE-40D8-8397-2F9CD3E35A8C}.Release|x86.Build.0 = Release|Any CPU
		{9A061502-8619-4830-A68C-45C0F258A4CD}.Debug|Any CPU.ActiveCfg = Debug|Any CPU
		{9A061502-8619-4830-A68C-45C0F258A4CD}.Debug|Any CPU.Build.0 = Debug|Any CPU
		{9A061502-8619-4830-A68C-45C0F258A4CD}.Debug|x64.ActiveCfg = Debug|Any CPU
		{9A061502-8619-4830-A68C-45C0F258A4CD}.Debug|x64.Build.0 = Debug|Any CPU
		{9A061502-8619-4830-A68C-45C0F258A4CD}.Debug|x86.ActiveCfg = Debug|Any CPU
		{9A061502-8619-4830-A68C-45C0F258A4CD}.Debug|x86.Build.0 = Debug|Any CPU
		{9A061502-8619-4830-A68C-45C0F258A4CD}.Release|Any CPU.ActiveCfg = Release|Any CPU
		{9A061502-8619-4830-A68C-45C0F258A4CD}.Release|Any CPU.Build.0 = Release|Any CPU
		{9A061502-8619-4830-A68C-45C0F258A4CD}.Release|x64.ActiveCfg = Release|Any CPU
		{9A061502-8619-4830-A68C-45C0F258A4CD}.Release|x64.Build.0 = Release|Any CPU
		{9A061502-8619-4830-A68C-45C0F258A4CD}.Release|x86.ActiveCfg = Release|Any CPU
		{9A061502-8619-4830-A68C-45C0F258A4CD}.Release|x86.Build.0 = Release|Any CPU
		{CC166812-C158-4233-A943-91B0D49514E1}.Debug|Any CPU.ActiveCfg = Debug|Any CPU
		{CC166812-C158-4233-A943-91B0D49514E1}.Debug|Any CPU.Build.0 = Debug|Any CPU
		{CC166812-C158-4233-A943-91B0D49514E1}.Debug|x64.ActiveCfg = Debug|Any CPU
		{CC166812-C158-4233-A943-91B0D49514E1}.Debug|x64.Build.0 = Debug|Any CPU
		{CC166812-C158-4233-A943-91B0D49514E1}.Debug|x86.ActiveCfg = Debug|Any CPU
		{CC166812-C158-4233-A943-91B0D49514E1}.Debug|x86.Build.0 = Debug|Any CPU
		{CC166812-C158-4233-A943-91B0D49514E1}.Release|Any CPU.ActiveCfg = Release|Any CPU
		{CC166812-C158-4233-A943-91B0D49514E1}.Release|Any CPU.Build.0 = Release|Any CPU
		{CC166812-C158-4233-A943-91B0D49514E1}.Release|x64.ActiveCfg = Release|Any CPU
		{CC166812-C158-4233-A943-91B0D49514E1}.Release|x64.Build.0 = Release|Any CPU
		{CC166812-C158-4233-A943-91B0D49514E1}.Release|x86.ActiveCfg = Release|Any CPU
		{CC166812-C158-4233-A943-91B0D49514E1}.Release|x86.Build.0 = Release|Any CPU
		{10546706-C238-4043-A7B1-546CC4696A29}.Debug|Any CPU.ActiveCfg = Debug|Any CPU
		{10546706-C238-4043-A7B1-546CC4696A29}.Debug|Any CPU.Build.0 = Debug|Any CPU
		{10546706-C238-4043-A7B1-546CC4696A29}.Debug|x64.ActiveCfg = Debug|Any CPU
		{10546706-C238-4043-A7B1-546CC4696A29}.Debug|x64.Build.0 = Debug|Any CPU
		{10546706-C238-4043-A7B1-546CC4696A29}.Debug|x86.ActiveCfg = Debug|Any CPU
		{10546706-C238-4043-A7B1-546CC4696A29}.Debug|x86.Build.0 = Debug|Any CPU
		{10546706-C238-4043-A7B1-546CC4696A29}.Release|Any CPU.ActiveCfg = Release|Any CPU
		{10546706-C238-4043-A7B1-546CC4696A29}.Release|Any CPU.Build.0 = Release|Any CPU
		{10546706-C238-4043-A7B1-546CC4696A29}.Release|x64.ActiveCfg = Release|Any CPU
		{10546706-C238-4043-A7B1-546CC4696A29}.Release|x64.Build.0 = Release|Any CPU
		{10546706-C238-4043-A7B1-546CC4696A29}.Release|x86.ActiveCfg = Release|Any CPU
		{10546706-C238-4043-A7B1-546CC4696A29}.Release|x86.Build.0 = Release|Any CPU
		{9B56E38E-97D2-4DAB-813A-F55F9E9A6B43}.Debug|Any CPU.ActiveCfg = Debug|Any CPU
		{9B56E38E-97D2-4DAB-813A-F55F9E9A6B43}.Debug|Any CPU.Build.0 = Debug|Any CPU
		{9B56E38E-97D2-4DAB-813A-F55F9E9A6B43}.Debug|x64.ActiveCfg = Debug|Any CPU
		{9B56E38E-97D2-4DAB-813A-F55F9E9A6B43}.Debug|x64.Build.0 = Debug|Any CPU
		{9B56E38E-97D2-4DAB-813A-F55F9E9A6B43}.Debug|x86.ActiveCfg = Debug|Any CPU
		{9B56E38E-97D2-4DAB-813A-F55F9E9A6B43}.Debug|x86.Build.0 = Debug|Any CPU
		{9B56E38E-97D2-4DAB-813A-F55F9E9A6B43}.Release|Any CPU.ActiveCfg = Release|Any CPU
		{9B56E38E-97D2-4DAB-813A-F55F9E9A6B43}.Release|Any CPU.Build.0 = Release|Any CPU
		{9B56E38E-97D2-4DAB-813A-F55F9E9A6B43}.Release|x64.ActiveCfg = Release|Any CPU
		{9B56E38E-97D2-4DAB-813A-F55F9E9A6B43}.Release|x64.Build.0 = Release|Any CPU
		{9B56E38E-97D2-4DAB-813A-F55F9E9A6B43}.Release|x86.ActiveCfg = Release|Any CPU
		{9B56E38E-97D2-4DAB-813A-F55F9E9A6B43}.Release|x86.Build.0 = Release|Any CPU
		{A847A664-49E7-4088-96D2-1CD97171260C}.Debug|Any CPU.ActiveCfg = Debug|Any CPU
		{A847A664-49E7-4088-96D2-1CD97171260C}.Debug|Any CPU.Build.0 = Debug|Any CPU
		{A847A664-49E7-4088-96D2-1CD97171260C}.Debug|x64.ActiveCfg = Debug|Any CPU
		{A847A664-49E7-4088-96D2-1CD97171260C}.Debug|x64.Build.0 = Debug|Any CPU
		{A847A664-49E7-4088-96D2-1CD97171260C}.Debug|x86.ActiveCfg = Debug|Any CPU
		{A847A664-49E7-4088-96D2-1CD97171260C}.Debug|x86.Build.0 = Debug|Any CPU
		{A847A664-49E7-4088-96D2-1CD97171260C}.Release|Any CPU.ActiveCfg = Release|Any CPU
		{A847A664-49E7-4088-96D2-1CD97171260C}.Release|Any CPU.Build.0 = Release|Any CPU
		{A847A664-49E7-4088-96D2-1CD97171260C}.Release|x64.ActiveCfg = Release|Any CPU
		{A847A664-49E7-4088-96D2-1CD97171260C}.Release|x64.Build.0 = Release|Any CPU
		{A847A664-49E7-4088-96D2-1CD97171260C}.Release|x86.ActiveCfg = Release|Any CPU
		{A847A664-49E7-4088-96D2-1CD97171260C}.Release|x86.Build.0 = Release|Any CPU
		{35D9B037-D489-496F-87FB-440004593D1F}.Debug|Any CPU.ActiveCfg = Debug|Any CPU
		{35D9B037-D489-496F-87FB-440004593D1F}.Debug|Any CPU.Build.0 = Debug|Any CPU
		{35D9B037-D489-496F-87FB-440004593D1F}.Debug|x64.ActiveCfg = Debug|Any CPU
		{35D9B037-D489-496F-87FB-440004593D1F}.Debug|x64.Build.0 = Debug|Any CPU
		{35D9B037-D489-496F-87FB-440004593D1F}.Debug|x86.ActiveCfg = Debug|Any CPU
		{35D9B037-D489-496F-87FB-440004593D1F}.Debug|x86.Build.0 = Debug|Any CPU
		{35D9B037-D489-496F-87FB-440004593D1F}.Release|Any CPU.ActiveCfg = Release|Any CPU
		{35D9B037-D489-496F-87FB-440004593D1F}.Release|Any CPU.Build.0 = Release|Any CPU
		{35D9B037-D489-496F-87FB-440004593D1F}.Release|x64.ActiveCfg = Release|Any CPU
		{35D9B037-D489-496F-87FB-440004593D1F}.Release|x64.Build.0 = Release|Any CPU
		{35D9B037-D489-496F-87FB-440004593D1F}.Release|x86.ActiveCfg = Release|Any CPU
		{35D9B037-D489-496F-87FB-440004593D1F}.Release|x86.Build.0 = Release|Any CPU
		{A7D13379-C3F0-4E54-9929-937EF80BC412}.Debug|Any CPU.ActiveCfg = Debug|Any CPU
		{A7D13379-C3F0-4E54-9929-937EF80BC412}.Debug|Any CPU.Build.0 = Debug|Any CPU
		{A7D13379-C3F0-4E54-9929-937EF80BC412}.Debug|x64.ActiveCfg = Debug|Any CPU
		{A7D13379-C3F0-4E54-9929-937EF80BC412}.Debug|x64.Build.0 = Debug|Any CPU
		{A7D13379-C3F0-4E54-9929-937EF80BC412}.Debug|x86.ActiveCfg = Debug|Any CPU
		{A7D13379-C3F0-4E54-9929-937EF80BC412}.Debug|x86.Build.0 = Debug|Any CPU
		{A7D13379-C3F0-4E54-9929-937EF80BC412}.Release|Any CPU.ActiveCfg = Release|Any CPU
		{A7D13379-C3F0-4E54-9929-937EF80BC412}.Release|Any CPU.Build.0 = Release|Any CPU
		{A7D13379-C3F0-4E54-9929-937EF80BC412}.Release|x64.ActiveCfg = Release|Any CPU
		{A7D13379-C3F0-4E54-9929-937EF80BC412}.Release|x64.Build.0 = Release|Any CPU
		{A7D13379-C3F0-4E54-9929-937EF80BC412}.Release|x86.ActiveCfg = Release|Any CPU
		{A7D13379-C3F0-4E54-9929-937EF80BC412}.Release|x86.Build.0 = Release|Any CPU
		{0AB66139-25A7-475B-87F2-A8707620C554}.Debug|Any CPU.ActiveCfg = Debug|Any CPU
		{0AB66139-25A7-475B-87F2-A8707620C554}.Debug|Any CPU.Build.0 = Debug|Any CPU
		{0AB66139-25A7-475B-87F2-A8707620C554}.Debug|x64.ActiveCfg = Debug|Any CPU
		{0AB66139-25A7-475B-87F2-A8707620C554}.Debug|x64.Build.0 = Debug|Any CPU
		{0AB66139-25A7-475B-87F2-A8707620C554}.Debug|x86.ActiveCfg = Debug|Any CPU
		{0AB66139-25A7-475B-87F2-A8707620C554}.Debug|x86.Build.0 = Debug|Any CPU
		{0AB66139-25A7-475B-87F2-A8707620C554}.Release|Any CPU.ActiveCfg = Release|Any CPU
		{0AB66139-25A7-475B-87F2-A8707620C554}.Release|Any CPU.Build.0 = Release|Any CPU
		{0AB66139-25A7-475B-87F2-A8707620C554}.Release|x64.ActiveCfg = Release|Any CPU
		{0AB66139-25A7-475B-87F2-A8707620C554}.Release|x64.Build.0 = Release|Any CPU
		{0AB66139-25A7-475B-87F2-A8707620C554}.Release|x86.ActiveCfg = Release|Any CPU
		{0AB66139-25A7-475B-87F2-A8707620C554}.Release|x86.Build.0 = Release|Any CPU
		{7101A882-47C9-48D8-9002-0CC7F2121F0C}.Debug|Any CPU.ActiveCfg = Debug|Any CPU
		{7101A882-47C9-48D8-9002-0CC7F2121F0C}.Debug|Any CPU.Build.0 = Debug|Any CPU
		{7101A882-47C9-48D8-9002-0CC7F2121F0C}.Debug|x64.ActiveCfg = Debug|Any CPU
		{7101A882-47C9-48D8-9002-0CC7F2121F0C}.Debug|x64.Build.0 = Debug|Any CPU
		{7101A882-47C9-48D8-9002-0CC7F2121F0C}.Debug|x86.ActiveCfg = Debug|Any CPU
		{7101A882-47C9-48D8-9002-0CC7F2121F0C}.Debug|x86.Build.0 = Debug|Any CPU
		{7101A882-47C9-48D8-9002-0CC7F2121F0C}.Release|Any CPU.ActiveCfg = Release|Any CPU
		{7101A882-47C9-48D8-9002-0CC7F2121F0C}.Release|Any CPU.Build.0 = Release|Any CPU
		{7101A882-47C9-48D8-9002-0CC7F2121F0C}.Release|x64.ActiveCfg = Release|Any CPU
		{7101A882-47C9-48D8-9002-0CC7F2121F0C}.Release|x64.Build.0 = Release|Any CPU
		{7101A882-47C9-48D8-9002-0CC7F2121F0C}.Release|x86.ActiveCfg = Release|Any CPU
		{7101A882-47C9-48D8-9002-0CC7F2121F0C}.Release|x86.Build.0 = Release|Any CPU
		{053B1391-1A55-436F-8883-FFE18545D452}.Debug|Any CPU.ActiveCfg = Debug|Any CPU
		{053B1391-1A55-436F-8883-FFE18545D452}.Debug|Any CPU.Build.0 = Debug|Any CPU
		{053B1391-1A55-436F-8883-FFE18545D452}.Debug|x64.ActiveCfg = Debug|Any CPU
		{053B1391-1A55-436F-8883-FFE18545D452}.Debug|x64.Build.0 = Debug|Any CPU
		{053B1391-1A55-436F-8883-FFE18545D452}.Debug|x86.ActiveCfg = Debug|Any CPU
		{053B1391-1A55-436F-8883-FFE18545D452}.Debug|x86.Build.0 = Debug|Any CPU
		{053B1391-1A55-436F-8883-FFE18545D452}.Release|Any CPU.ActiveCfg = Release|Any CPU
		{053B1391-1A55-436F-8883-FFE18545D452}.Release|Any CPU.Build.0 = Release|Any CPU
		{053B1391-1A55-436F-8883-FFE18545D452}.Release|x64.ActiveCfg = Release|Any CPU
		{053B1391-1A55-436F-8883-FFE18545D452}.Release|x64.Build.0 = Release|Any CPU
		{053B1391-1A55-436F-8883-FFE18545D452}.Release|x86.ActiveCfg = Release|Any CPU
		{053B1391-1A55-436F-8883-FFE18545D452}.Release|x86.Build.0 = Release|Any CPU
		{B306868E-C9EB-45F6-8B5C-983689947FD3}.Debug|Any CPU.ActiveCfg = Debug|Any CPU
		{B306868E-C9EB-45F6-8B5C-983689947FD3}.Debug|Any CPU.Build.0 = Debug|Any CPU
		{B306868E-C9EB-45F6-8B5C-983689947FD3}.Debug|x64.ActiveCfg = Debug|Any CPU
		{B306868E-C9EB-45F6-8B5C-983689947FD3}.Debug|x64.Build.0 = Debug|Any CPU
		{B306868E-C9EB-45F6-8B5C-983689947FD3}.Debug|x86.ActiveCfg = Debug|Any CPU
		{B306868E-C9EB-45F6-8B5C-983689947FD3}.Debug|x86.Build.0 = Debug|Any CPU
		{B306868E-C9EB-45F6-8B5C-983689947FD3}.Release|Any CPU.ActiveCfg = Release|Any CPU
		{B306868E-C9EB-45F6-8B5C-983689947FD3}.Release|Any CPU.Build.0 = Release|Any CPU
		{B306868E-C9EB-45F6-8B5C-983689947FD3}.Release|x64.ActiveCfg = Release|Any CPU
		{B306868E-C9EB-45F6-8B5C-983689947FD3}.Release|x64.Build.0 = Release|Any CPU
		{B306868E-C9EB-45F6-8B5C-983689947FD3}.Release|x86.ActiveCfg = Release|Any CPU
		{B306868E-C9EB-45F6-8B5C-983689947FD3}.Release|x86.Build.0 = Release|Any CPU
		{F2DC9BC6-A552-4333-80DC-494EF74DBA5E}.Debug|Any CPU.ActiveCfg = Debug|Any CPU
		{F2DC9BC6-A552-4333-80DC-494EF74DBA5E}.Debug|Any CPU.Build.0 = Debug|Any CPU
		{F2DC9BC6-A552-4333-80DC-494EF74DBA5E}.Debug|x64.ActiveCfg = Debug|Any CPU
		{F2DC9BC6-A552-4333-80DC-494EF74DBA5E}.Debug|x64.Build.0 = Debug|Any CPU
		{F2DC9BC6-A552-4333-80DC-494EF74DBA5E}.Debug|x86.ActiveCfg = Debug|Any CPU
		{F2DC9BC6-A552-4333-80DC-494EF74DBA5E}.Debug|x86.Build.0 = Debug|Any CPU
		{F2DC9BC6-A552-4333-80DC-494EF74DBA5E}.Release|Any CPU.ActiveCfg = Release|Any CPU
		{F2DC9BC6-A552-4333-80DC-494EF74DBA5E}.Release|Any CPU.Build.0 = Release|Any CPU
		{F2DC9BC6-A552-4333-80DC-494EF74DBA5E}.Release|x64.ActiveCfg = Release|Any CPU
		{F2DC9BC6-A552-4333-80DC-494EF74DBA5E}.Release|x64.Build.0 = Release|Any CPU
		{F2DC9BC6-A552-4333-80DC-494EF74DBA5E}.Release|x86.ActiveCfg = Release|Any CPU
		{F2DC9BC6-A552-4333-80DC-494EF74DBA5E}.Release|x86.Build.0 = Release|Any CPU
		{ADD7DB6F-FFAA-4EC1-B264-2ADFD40CF5D3}.Debug|Any CPU.ActiveCfg = Debug|Any CPU
		{ADD7DB6F-FFAA-4EC1-B264-2ADFD40CF5D3}.Debug|Any CPU.Build.0 = Debug|Any CPU
		{ADD7DB6F-FFAA-4EC1-B264-2ADFD40CF5D3}.Debug|x64.ActiveCfg = Debug|Any CPU
		{ADD7DB6F-FFAA-4EC1-B264-2ADFD40CF5D3}.Debug|x64.Build.0 = Debug|Any CPU
		{ADD7DB6F-FFAA-4EC1-B264-2ADFD40CF5D3}.Debug|x86.ActiveCfg = Debug|Any CPU
		{ADD7DB6F-FFAA-4EC1-B264-2ADFD40CF5D3}.Debug|x86.Build.0 = Debug|Any CPU
		{ADD7DB6F-FFAA-4EC1-B264-2ADFD40CF5D3}.Release|Any CPU.ActiveCfg = Release|Any CPU
		{ADD7DB6F-FFAA-4EC1-B264-2ADFD40CF5D3}.Release|Any CPU.Build.0 = Release|Any CPU
		{ADD7DB6F-FFAA-4EC1-B264-2ADFD40CF5D3}.Release|x64.ActiveCfg = Release|Any CPU
		{ADD7DB6F-FFAA-4EC1-B264-2ADFD40CF5D3}.Release|x64.Build.0 = Release|Any CPU
		{ADD7DB6F-FFAA-4EC1-B264-2ADFD40CF5D3}.Release|x86.ActiveCfg = Release|Any CPU
		{ADD7DB6F-FFAA-4EC1-B264-2ADFD40CF5D3}.Release|x86.Build.0 = Release|Any CPU
		{EE817354-E4AA-4ECA-F121-5FF09789DA1A}.Debug|Any CPU.ActiveCfg = Debug|Any CPU
		{EE817354-E4AA-4ECA-F121-5FF09789DA1A}.Debug|Any CPU.Build.0 = Debug|Any CPU
		{EE817354-E4AA-4ECA-F121-5FF09789DA1A}.Debug|x64.ActiveCfg = Debug|Any CPU
		{EE817354-E4AA-4ECA-F121-5FF09789DA1A}.Debug|x64.Build.0 = Debug|Any CPU
		{EE817354-E4AA-4ECA-F121-5FF09789DA1A}.Debug|x86.ActiveCfg = Debug|Any CPU
		{EE817354-E4AA-4ECA-F121-5FF09789DA1A}.Debug|x86.Build.0 = Debug|Any CPU
		{EE817354-E4AA-4ECA-F121-5FF09789DA1A}.Release|Any CPU.ActiveCfg = Release|Any CPU
		{EE817354-E4AA-4ECA-F121-5FF09789DA1A}.Release|Any CPU.Build.0 = Release|Any CPU
		{EE817354-E4AA-4ECA-F121-5FF09789DA1A}.Release|x64.ActiveCfg = Release|Any CPU
		{EE817354-E4AA-4ECA-F121-5FF09789DA1A}.Release|x64.Build.0 = Release|Any CPU
		{EE817354-E4AA-4ECA-F121-5FF09789DA1A}.Release|x86.ActiveCfg = Release|Any CPU
		{EE817354-E4AA-4ECA-F121-5FF09789DA1A}.Release|x86.Build.0 = Release|Any CPU
	EndGlobalSection
	GlobalSection(SolutionProperties) = preSolution
		HideSolutionNode = FALSE
	EndGlobalSection
	GlobalSection(NestedProjects) = preSolution
		{8D626EA8-CB54-BC41-363A-217881BEBA6E} = {827E0CD3-B72D-47B6-A68D-7590B98EB39B}
		{4D16FD07-69CE-40D8-8397-2F9CD3E35A8C} = {8D626EA8-CB54-BC41-363A-217881BEBA6E}
		{9A061502-8619-4830-A68C-45C0F258A4CD} = {8D626EA8-CB54-BC41-363A-217881BEBA6E}
		{9048EB7F-3875-A59E-E36B-5BD4C6F2A282} = {827E0CD3-B72D-47B6-A68D-7590B98EB39B}
		{CC166812-C158-4233-A943-91B0D49514E1} = {9048EB7F-3875-A59E-E36B-5BD4C6F2A282}
		{10546706-C238-4043-A7B1-546CC4696A29} = {9048EB7F-3875-A59E-E36B-5BD4C6F2A282}
		{9B56E38E-97D2-4DAB-813A-F55F9E9A6B43} = {9048EB7F-3875-A59E-E36B-5BD4C6F2A282}
		{6996BBF7-DB31-59BC-C7DD-9A7CCC6138C4} = {827E0CD3-B72D-47B6-A68D-7590B98EB39B}
		{A847A664-49E7-4088-96D2-1CD97171260C} = {6996BBF7-DB31-59BC-C7DD-9A7CCC6138C4}
		{35D9B037-D489-496F-87FB-440004593D1F} = {6996BBF7-DB31-59BC-C7DD-9A7CCC6138C4}
		{A7D13379-C3F0-4E54-9929-937EF80BC412} = {6996BBF7-DB31-59BC-C7DD-9A7CCC6138C4}
		{394A81D9-3C45-9818-BB26-23F2B85056FF} = {0AB3BF05-4346-4AA6-1389-037BE0695223}
		{0AB66139-25A7-475B-87F2-A8707620C554} = {394A81D9-3C45-9818-BB26-23F2B85056FF}
		{7101A882-47C9-48D8-9002-0CC7F2121F0C} = {394A81D9-3C45-9818-BB26-23F2B85056FF}
		{053B1391-1A55-436F-8883-FFE18545D452} = {394A81D9-3C45-9818-BB26-23F2B85056FF}
		{30785934-E017-5D9F-2777-3D61460A5281} = {0AB3BF05-4346-4AA6-1389-037BE0695223}
		{B306868E-C9EB-45F6-8B5C-983689947FD3} = {30785934-E017-5D9F-2777-3D61460A5281}
		{8AD23086-AE11-148E-B2B6-9F0F94287E0D} = {0AB3BF05-4346-4AA6-1389-037BE0695223}
		{F2DC9BC6-A552-4333-80DC-494EF74DBA5E} = {8AD23086-AE11-148E-B2B6-9F0F94287E0D}
		{ADD7DB6F-FFAA-4EC1-B264-2ADFD40CF5D3} = {9048EB7F-3875-A59E-E36B-5BD4C6F2A282}
		{EE817354-E4AA-4ECA-F121-5FF09789DA1A} = {6996BBF7-DB31-59BC-C7DD-9A7CCC6138C4}
	EndGlobalSection
	GlobalSection(ExtensibilityGlobals) = postSolution
		SolutionGuid = {0F7EFF4D-557B-4D55-8B3A-18B2BB2C22DB}
	EndGlobalSection
EndGlobal
